
Microsoft Visual Studio Solution File, Format Version 12.00
# Visual Studio 15
Project("{FAE04EC0-301F-11D3-BF4B-00C04F79EFBC}") = "Assembly-CSharp", "Assembly-CSharp.csproj", "{AEE7A530-0610-4BCD-812B-22C3A8E16B1E}"
EndProject
Project("{FAE04EC0-301F-11D3-BF4B-00C04F79EFBC}") = "Assembly-CSharp-Editor", "Assembly-CSharp-Editor.csproj", "{A831A83F-2835-E539-D7AB-BBBFE56ADDF9}"
EndProject
Global
	GlobalSection(SolutionConfigurationPlatforms) = preSolution
		Debug|Any CPU = Debug|Any CPU
		Release|Any CPU = Release|Any CPU
	EndGlobalSection
	GlobalSection(ProjectConfigurationPlatforms) = postSolution
		{AEE7A530-0610-4BCD-812B-22C3A8E16B1E}.Debug|Any CPU.ActiveCfg = Debug|Any CPU
		{AEE7A530-0610-4BCD-812B-22C3A8E16B1E}.Debug|Any CPU.Build.0 = Debug|Any CPU
		{AEE7A530-0610-4BCD-812B-22C3A8E16B1E}.Release|Any CPU.ActiveCfg = Release|Any CPU
		{AEE7A530-0610-4BCD-812B-22C3A8E16B1E}.Release|Any CPU.Build.0 = Release|Any CPU
		{A831A83F-2835-E539-D7AB-BBBFE56ADDF9}.Debug|Any CPU.ActiveCfg = Debug|Any CPU
		{A831A83F-2835-E539-D7AB-BBBFE56ADDF9}.Debug|Any CPU.Build.0 = Debug|Any CPU
		{A831A83F-2835-E539-D7AB-BBBFE56ADDF9}.Release|Any CPU.ActiveCfg = Release|Any CPU
		{A831A83F-2835-E539-D7AB-BBBFE56ADDF9}.Release|Any CPU.Build.0 = Release|Any CPU
	EndGlobalSection
	GlobalSection(SolutionProperties) = preSolution
		HideSolutionNode = FALSE
	EndGlobalSection
EndGlobal
